
Microsoft Visual Studio Solution File, Format Version 12.00
# Visual Studio Version 16
VisualStudioVersion = 16.0.29411.108
MinimumVisualStudioVersion = 10.0.40219.1
Project("{FAE04EC0-301F-11D3-BF4B-00C04F79EFBC}") = "Drawing3d", "Lib\Drawing3d.csproj", "{613250AA-2805-4AB3-9692-4880AB9C9EC4}"
EndProject
Project("{FAE04EC0-301F-11D3-BF4B-00C04F79EFBC}") = "Drawing3d.assimp", "LibAssimp\Drawing3d.assimp.csproj", "{F57DA4B2-F21D-4E26-BA72-8700C6A2E603}"
EndProject
Project("{2150E333-8FDC-42A3-9474-1A3956D46DE8}") = "Examples", "Examples", "{F084B480-1389-4019-A793-9C210BB879B7}"
EndProject
Project("{FAE04EC0-301F-11D3-BF4B-00C04F79EFBC}") = "16-Camera with Animation", "Examples\Camera\16-Camera with Animation.csproj", "{68C0A1D2-11D4-4F33-A3E3-DD812696F19B}"
EndProject
Project("{FAE04EC0-301F-11D3-BF4B-00C04F79EFBC}") = "18-Earth", "Examples\Earth\18-Earth.csproj", "{0CD151EA-F26F-4F7B-9D38-71C90572C728}"
EndProject
Project("{FAE04EC0-301F-11D3-BF4B-00C04F79EFBC}") = "15-ForegroundDrawing", "Examples\ForegroundDrawing\15-ForegroundDrawing.csproj", "{94FF699F-E620-4E96-A533-45A3E8269881}"
EndProject
Project("{FAE04EC0-301F-11D3-BF4B-00C04F79EFBC}") = "20-Graphicfiles", "Examples\Graphic files\20-Graphicfiles.csproj", "{65DB8383-7CAE-40EE-949B-10250B1151FF}"
EndProject
Project("{FAE04EC0-301F-11D3-BF4B-00C04F79EFBC}") = "14-NavigateAndSnap", "Examples\NavigateAndSnap\14-NavigateAndSnap.csproj", "{975EF298-91A7-463E-BEF2-41EA3C26406E}"
EndProject
Project("{FAE04EC0-301F-11D3-BF4B-00C04F79EFBC}") = "17-Nurbs", "Examples\Nurbs\17-Nurbs.csproj", "{B1F32E38-F491-4D5C-BA82-D7A92CCC92E4}"
EndProject
Project("{FAE04EC0-301F-11D3-BF4B-00C04F79EFBC}") = "03-Polygons", "Examples\Polyons\03-Polygons.csproj", "{8192645E-BFD0-47B7-969D-F2005E6FC93F}"
EndProject
Project("{FAE04EC0-301F-11D3-BF4B-00C04F79EFBC}") = "22-SetOperations", "Examples\SetOperations\22-SetOperations.csproj", "{266CFD84-1E85-47C1-8D8B-88732F057889}"
EndProject
Project("{FAE04EC0-301F-11D3-BF4B-00C04F79EFBC}") = "21-Shader", "Examples\Shaders\21-Shader.csproj", "{49194B54-EC18-4A79-8416-5B3C0A0C8C7A}"
EndProject
Project("{FAE04EC0-301F-11D3-BF4B-00C04F79EFBC}") = "19-Shadow", "Examples\Shadow\19-Shadow.csproj", "{5980A8A4-A3FF-41D9-B49A-D23F8608426E}"
EndProject
Project("{FAE04EC0-301F-11D3-BF4B-00C04F79EFBC}") = "13-SnapWithRect", "Examples\SnapWithRect\13-SnapWithRect.csproj", "{8FE3EB68-51D5-4724-8061-EA0B0DB0DE9B}"
EndProject
Project("{FAE04EC0-301F-11D3-BF4B-00C04F79EFBC}") = "12-SnapWithTags", "Examples\SnapWithTags\12-SnapWithTags.csproj", "{F5B9EBB2-0B24-4F0F-B727-9E099A44125A}"
EndProject
Project("{FAE04EC0-301F-11D3-BF4B-00C04F79EFBC}") = "05-Stars", "Examples\Stars\05-Stars.csproj", "{68A80062-5A8E-4664-B000-B989708A29F9}"
EndProject
Project("{FAE04EC0-301F-11D3-BF4B-00C04F79EFBC}") = "04-Text", "Examples\Text\04-Text.csproj", "{6749252C-4A33-4C22-956E-0CC7D0136165}"
EndProject
Project("{FAE04EC0-301F-11D3-BF4B-00C04F79EFBC}") = "06-Zoom", "Examples\Zoom\06-Zoom.csproj", "{8A5A6470-17BC-4507-ACCF-4F4A2276EA3E}"
EndProject
Project("{FAE04EC0-301F-11D3-BF4B-00C04F79EFBC}") = "02-SomeDrawings", "Examples\Some drawings\02-SomeDrawings.csproj", "{20CBDF39-B4CB-4B50-8D5C-91661BFC71F1}"
EndProject
Project("{FAE04EC0-301F-11D3-BF4B-00C04F79EFBC}") = "23-Entities", "Examples\Entities\23-Entities.csproj", "{240003A3-E8EF-4ABF-9394-1BFCFE49BC18}"
EndProject
Project("{FAE04EC0-301F-11D3-BF4B-00C04F79EFBC}") = "24-Surfaces", "Examples\Surfaces\24-Surfaces.csproj", "{EDD840CF-6251-4AE0-9DF7-232140445876}"
EndProject
Project("{FAE04EC0-301F-11D3-BF4B-00C04F79EFBC}") = "26-Catmulldemo", "Examples\Catmulldemo\26-Catmulldemo.csproj", "{01CF417A-7D35-4AF6-B995-E81CD688B435}"
EndProject
Project("{FAE04EC0-301F-11D3-BF4B-00C04F79EFBC}") = "27-HighMap", "Examples\HighMap\27-HighMap.csproj", "{FA18F176-8907-4B05-8A15-73BC38682932}"
EndProject
Project("{FAE04EC0-301F-11D3-BF4B-00C04F79EFBC}") = "01-Hello world", "Examples\Sample\01-Hello world.csproj", "{7E2F30F4-49C2-4A8E-B507-58C62620EA38}"
EndProject
Project("{FAE04EC0-301F-11D3-BF4B-00C04F79EFBC}") = "25 Snapdocu", "Examples\Snapdocu\25 Snapdocu.csproj", "{F4BBAC07-7F7C-4DED-BF7A-2CDE9EEE6249}"
EndProject
Project("{FAE04EC0-301F-11D3-BF4B-00C04F79EFBC}") = "28-Normalmap", "Examples\Normalmap\28-Normalmap.csproj", "{D58CECF0-6824-4422-94F7-7F3A02EA3EEC}"
EndProject
Global
	GlobalSection(SolutionConfigurationPlatforms) = preSolution
		Debug|Any CPU = Debug|Any CPU
		Release|Any CPU = Release|Any CPU
	EndGlobalSection
	GlobalSection(ProjectConfigurationPlatforms) = postSolution
		{613250AA-2805-4AB3-9692-4880AB9C9EC4}.Debug|Any CPU.ActiveCfg = Debug|Any CPU
		{613250AA-2805-4AB3-9692-4880AB9C9EC4}.Debug|Any CPU.Build.0 = Debug|Any CPU
		{613250AA-2805-4AB3-9692-4880AB9C9EC4}.Release|Any CPU.ActiveCfg = Release|Any CPU
		{613250AA-2805-4AB3-9692-4880AB9C9EC4}.Release|Any CPU.Build.0 = Release|Any CPU
		{F57DA4B2-F21D-4E26-BA72-8700C6A2E603}.Debug|Any CPU.ActiveCfg = Debug|Any CPU
		{F57DA4B2-F21D-4E26-BA72-8700C6A2E603}.Debug|Any CPU.Build.0 = Debug|Any CPU
		{F57DA4B2-F21D-4E26-BA72-8700C6A2E603}.Release|Any CPU.ActiveCfg = Release|Any CPU
		{F57DA4B2-F21D-4E26-BA72-8700C6A2E603}.Release|Any CPU.Build.0 = Release|Any CPU
		{68C0A1D2-11D4-4F33-A3E3-DD812696F19B}.Debug|Any CPU.ActiveCfg = Debug|Any CPU
		{68C0A1D2-11D4-4F33-A3E3-DD812696F19B}.Debug|Any CPU.Build.0 = Debug|Any CPU
		{68C0A1D2-11D4-4F33-A3E3-DD812696F19B}.Release|Any CPU.ActiveCfg = Release|Any CPU
		{68C0A1D2-11D4-4F33-A3E3-DD812696F19B}.Release|Any CPU.Build.0 = Release|Any CPU
		{0CD151EA-F26F-4F7B-9D38-71C90572C728}.Debug|Any CPU.ActiveCfg = Debug|Any CPU
		{0CD151EA-F26F-4F7B-9D38-71C90572C728}.Debug|Any CPU.Build.0 = Debug|Any CPU
		{0CD151EA-F26F-4F7B-9D38-71C90572C728}.Release|Any CPU.ActiveCfg = Release|Any CPU
		{0CD151EA-F26F-4F7B-9D38-71C90572C728}.Release|Any CPU.Build.0 = Release|Any CPU
		{94FF699F-E620-4E96-A533-45A3E8269881}.Debug|Any CPU.ActiveCfg = Debug|Any CPU
		{94FF699F-E620-4E96-A533-45A3E8269881}.Debug|Any CPU.Build.0 = Debug|Any CPU
		{94FF699F-E620-4E96-A533-45A3E8269881}.Release|Any CPU.ActiveCfg = Release|Any CPU
		{94FF699F-E620-4E96-A533-45A3E8269881}.Release|Any CPU.Build.0 = Release|Any CPU
		{65DB8383-7CAE-40EE-949B-10250B1151FF}.Debug|Any CPU.ActiveCfg = Debug|Any CPU
		{65DB8383-7CAE-40EE-949B-10250B1151FF}.Debug|Any CPU.Build.0 = Debug|Any CPU
		{65DB8383-7CAE-40EE-949B-10250B1151FF}.Release|Any CPU.ActiveCfg = Release|Any CPU
		{65DB8383-7CAE-40EE-949B-10250B1151FF}.Release|Any CPU.Build.0 = Release|Any CPU
		{975EF298-91A7-463E-BEF2-41EA3C26406E}.Debug|Any CPU.ActiveCfg = Debug|Any CPU
		{975EF298-91A7-463E-BEF2-41EA3C26406E}.Debug|Any CPU.Build.0 = Debug|Any CPU
		{975EF298-91A7-463E-BEF2-41EA3C26406E}.Release|Any CPU.ActiveCfg = Release|Any CPU
		{975EF298-91A7-463E-BEF2-41EA3C26406E}.Release|Any CPU.Build.0 = Release|Any CPU
		{B1F32E38-F491-4D5C-BA82-D7A92CCC92E4}.Debug|Any CPU.ActiveCfg = Debug|Any CPU
		{B1F32E38-F491-4D5C-BA82-D7A92CCC92E4}.Debug|Any CPU.Build.0 = Debug|Any CPU
		{B1F32E38-F491-4D5C-BA82-D7A92CCC92E4}.Release|Any CPU.ActiveCfg = Release|Any CPU
		{B1F32E38-F491-4D5C-BA82-D7A92CCC92E4}.Release|Any CPU.Build.0 = Release|Any CPU
		{8192645E-BFD0-47B7-969D-F2005E6FC93F}.Debug|Any CPU.ActiveCfg = Debug|Any CPU
		{8192645E-BFD0-47B7-969D-F2005E6FC93F}.Debug|Any CPU.Build.0 = Debug|Any CPU
		{8192645E-BFD0-47B7-969D-F2005E6FC93F}.Release|Any CPU.ActiveCfg = Release|Any CPU
		{8192645E-BFD0-47B7-969D-F2005E6FC93F}.Release|Any CPU.Build.0 = Release|Any CPU
		{266CFD84-1E85-47C1-8D8B-88732F057889}.Debug|Any CPU.ActiveCfg = Debug|Any CPU
		{266CFD84-1E85-47C1-8D8B-88732F057889}.Debug|Any CPU.Build.0 = Debug|Any CPU
		{266CFD84-1E85-47C1-8D8B-88732F057889}.Release|Any CPU.ActiveCfg = Release|Any CPU
		{266CFD84-1E85-47C1-8D8B-88732F057889}.Release|Any CPU.Build.0 = Release|Any CPU
		{49194B54-EC18-4A79-8416-5B3C0A0C8C7A}.Debug|Any CPU.ActiveCfg = Debug|Any CPU
		{49194B54-EC18-4A79-8416-5B3C0A0C8C7A}.Debug|Any CPU.Build.0 = Debug|Any CPU
		{49194B54-EC18-4A79-8416-5B3C0A0C8C7A}.Release|Any CPU.ActiveCfg = Release|Any CPU
		{49194B54-EC18-4A79-8416-5B3C0A0C8C7A}.Release|Any CPU.Build.0 = Release|Any CPU
		{5980A8A4-A3FF-41D9-B49A-D23F8608426E}.Debug|Any CPU.ActiveCfg = Debug|Any CPU
		{5980A8A4-A3FF-41D9-B49A-D23F8608426E}.Debug|Any CPU.Build.0 = Debug|Any CPU
		{5980A8A4-A3FF-41D9-B49A-D23F8608426E}.Release|Any CPU.ActiveCfg = Release|Any CPU
		{5980A8A4-A3FF-41D9-B49A-D23F8608426E}.Release|Any CPU.Build.0 = Release|Any CPU
		{8FE3EB68-51D5-4724-8061-EA0B0DB0DE9B}.Debug|Any CPU.ActiveCfg = Debug|Any CPU
		{8FE3EB68-51D5-4724-8061-EA0B0DB0DE9B}.Debug|Any CPU.Build.0 = Debug|Any CPU
		{8FE3EB68-51D5-4724-8061-EA0B0DB0DE9B}.Release|Any CPU.ActiveCfg = Release|Any CPU
		{8FE3EB68-51D5-4724-8061-EA0B0DB0DE9B}.Release|Any CPU.Build.0 = Release|Any CPU
		{F5B9EBB2-0B24-4F0F-B727-9E099A44125A}.Debug|Any CPU.ActiveCfg = Debug|Any CPU
		{F5B9EBB2-0B24-4F0F-B727-9E099A44125A}.Debug|Any CPU.Build.0 = Debug|Any CPU
		{F5B9EBB2-0B24-4F0F-B727-9E099A44125A}.Release|Any CPU.ActiveCfg = Release|Any CPU
		{F5B9EBB2-0B24-4F0F-B727-9E099A44125A}.Release|Any CPU.Build.0 = Release|Any CPU
		{68A80062-5A8E-4664-B000-B989708A29F9}.Debug|Any CPU.ActiveCfg = Debug|Any CPU
		{68A80062-5A8E-4664-B000-B989708A29F9}.Debug|Any CPU.Build.0 = Debug|Any CPU
		{68A80062-5A8E-4664-B000-B989708A29F9}.Release|Any CPU.ActiveCfg = Release|Any CPU
		{68A80062-5A8E-4664-B000-B989708A29F9}.Release|Any CPU.Build.0 = Release|Any CPU
		{6749252C-4A33-4C22-956E-0CC7D0136165}.Debug|Any CPU.ActiveCfg = Debug|Any CPU
		{6749252C-4A33-4C22-956E-0CC7D0136165}.Debug|Any CPU.Build.0 = Debug|Any CPU
		{6749252C-4A33-4C22-956E-0CC7D0136165}.Release|Any CPU.ActiveCfg = Release|Any CPU
		{6749252C-4A33-4C22-956E-0CC7D0136165}.Release|Any CPU.Build.0 = Release|Any CPU
		{8A5A6470-17BC-4507-ACCF-4F4A2276EA3E}.Debug|Any CPU.ActiveCfg = Debug|Any CPU
		{8A5A6470-17BC-4507-ACCF-4F4A2276EA3E}.Debug|Any CPU.Build.0 = Debug|Any CPU
		{8A5A6470-17BC-4507-ACCF-4F4A2276EA3E}.Release|Any CPU.ActiveCfg = Release|Any CPU
		{8A5A6470-17BC-4507-ACCF-4F4A2276EA3E}.Release|Any CPU.Build.0 = Release|Any CPU
		{20CBDF39-B4CB-4B50-8D5C-91661BFC71F1}.Debug|Any CPU.ActiveCfg = Debug|Any CPU
		{20CBDF39-B4CB-4B50-8D5C-91661BFC71F1}.Debug|Any CPU.Build.0 = Debug|Any CPU
		{20CBDF39-B4CB-4B50-8D5C-91661BFC71F1}.Release|Any CPU.ActiveCfg = Release|Any CPU
		{20CBDF39-B4CB-4B50-8D5C-91661BFC71F1}.Release|Any CPU.Build.0 = Release|Any CPU
		{240003A3-E8EF-4ABF-9394-1BFCFE49BC18}.Debug|Any CPU.ActiveCfg = Debug|Any CPU
		{240003A3-E8EF-4ABF-9394-1BFCFE49BC18}.Debug|Any CPU.Build.0 = Debug|Any CPU
		{240003A3-E8EF-4ABF-9394-1BFCFE49BC18}.Release|Any CPU.ActiveCfg = Release|Any CPU
		{240003A3-E8EF-4ABF-9394-1BFCFE49BC18}.Release|Any CPU.Build.0 = Release|Any CPU
		{EDD840CF-6251-4AE0-9DF7-232140445876}.Debug|Any CPU.ActiveCfg = Debug|Any CPU
		{EDD840CF-6251-4AE0-9DF7-232140445876}.Debug|Any CPU.Build.0 = Debug|Any CPU
		{EDD840CF-6251-4AE0-9DF7-232140445876}.Release|Any CPU.ActiveCfg = Release|Any CPU
		{EDD840CF-6251-4AE0-9DF7-232140445876}.Release|Any CPU.Build.0 = Release|Any CPU
		{01CF417A-7D35-4AF6-B995-E81CD688B435}.Debug|Any CPU.ActiveCfg = Debug|Any CPU
		{01CF417A-7D35-4AF6-B995-E81CD688B435}.Debug|Any CPU.Build.0 = Debug|Any CPU
		{01CF417A-7D35-4AF6-B995-E81CD688B435}.Release|Any CPU.ActiveCfg = Release|Any CPU
		{01CF417A-7D35-4AF6-B995-E81CD688B435}.Release|Any CPU.Build.0 = Release|Any CPU
		{FA18F176-8907-4B05-8A15-73BC38682932}.Debug|Any CPU.ActiveCfg = Debug|Any CPU
		{FA18F176-8907-4B05-8A15-73BC38682932}.Debug|Any CPU.Build.0 = Debug|Any CPU
		{FA18F176-8907-4B05-8A15-73BC38682932}.Release|Any CPU.ActiveCfg = Release|Any CPU
		{FA18F176-8907-4B05-8A15-73BC38682932}.Release|Any CPU.Build.0 = Release|Any CPU
		{7E2F30F4-49C2-4A8E-B507-58C62620EA38}.Debug|Any CPU.ActiveCfg = Debug|Any CPU
		{7E2F30F4-49C2-4A8E-B507-58C62620EA38}.Debug|Any CPU.Build.0 = Debug|Any CPU
		{7E2F30F4-49C2-4A8E-B507-58C62620EA38}.Release|Any CPU.ActiveCfg = Release|Any CPU
		{7E2F30F4-49C2-4A8E-B507-58C62620EA38}.Release|Any CPU.Build.0 = Release|Any CPU
		{F4BBAC07-7F7C-4DED-BF7A-2CDE9EEE6249}.Debug|Any CPU.ActiveCfg = Debug|Any CPU
		{F4BBAC07-7F7C-4DED-BF7A-2CDE9EEE6249}.Debug|Any CPU.Build.0 = Debug|Any CPU
		{F4BBAC07-7F7C-4DED-BF7A-2CDE9EEE6249}.Release|Any CPU.ActiveCfg = Release|Any CPU
		{F4BBAC07-7F7C-4DED-BF7A-2CDE9EEE6249}.Release|Any CPU.Build.0 = Release|Any CPU
		{D58CECF0-6824-4422-94F7-7F3A02EA3EEC}.Debug|Any CPU.ActiveCfg = Debug|Any CPU
		{D58CECF0-6824-4422-94F7-7F3A02EA3EEC}.Debug|Any CPU.Build.0 = Debug|Any CPU
		{D58CECF0-6824-4422-94F7-7F3A02EA3EEC}.Release|Any CPU.ActiveCfg = Release|Any CPU
		{D58CECF0-6824-4422-94F7-7F3A02EA3EEC}.Release|Any CPU.Build.0 = Release|Any CPU
	EndGlobalSection
	GlobalSection(SolutionProperties) = preSolution
		HideSolutionNode = FALSE
	EndGlobalSection
	GlobalSection(NestedProjects) = preSolution
		{68C0A1D2-11D4-4F33-A3E3-DD812696F19B} = {F084B480-1389-4019-A793-9C210BB879B7}
		{0CD151EA-F26F-4F7B-9D38-71C90572C728} = {F084B480-1389-4019-A793-9C210BB879B7}
		{94FF699F-E620-4E96-A533-45A3E8269881} = {F084B480-1389-4019-A793-9C210BB879B7}
		{65DB8383-7CAE-40EE-949B-10250B1151FF} = {F084B480-1389-4019-A793-9C210BB879B7}
		{975EF298-91A7-463E-BEF2-41EA3C26406E} = {F084B480-1389-4019-A793-9C210BB879B7}
		{B1F32E38-F491-4D5C-BA82-D7A92CCC92E4} = {F084B480-1389-4019-A793-9C210BB879B7}
		{8192645E-BFD0-47B7-969D-F2005E6FC93F} = {F084B480-1389-4019-A793-9C210BB879B7}
		{266CFD84-1E85-47C1-8D8B-88732F057889} = {F084B480-1389-4019-A793-9C210BB879B7}
		{49194B54-EC18-4A79-8416-5B3C0A0C8C7A} = {F084B480-1389-4019-A793-9C210BB879B7}
		{5980A8A4-A3FF-41D9-B49A-D23F8608426E} = {F084B480-1389-4019-A793-9C210BB879B7}
		{8FE3EB68-51D5-4724-8061-EA0B0DB0DE9B} = {F084B480-1389-4019-A793-9C210BB879B7}
		{F5B9EBB2-0B24-4F0F-B727-9E099A44125A} = {F084B480-1389-4019-A793-9C210BB879B7}
		{68A80062-5A8E-4664-B000-B989708A29F9} = {F084B480-1389-4019-A793-9C210BB879B7}
		{6749252C-4A33-4C22-956E-0CC7D0136165} = {F084B480-1389-4019-A793-9C210BB879B7}
		{8A5A6470-17BC-4507-ACCF-4F4A2276EA3E} = {F084B480-1389-4019-A793-9C210BB879B7}
		{20CBDF39-B4CB-4B50-8D5C-91661BFC71F1} = {F084B480-1389-4019-A793-9C210BB879B7}
		{240003A3-E8EF-4ABF-9394-1BFCFE49BC18} = {F084B480-1389-4019-A793-9C210BB879B7}
		{EDD840CF-6251-4AE0-9DF7-232140445876} = {F084B480-1389-4019-A793-9C210BB879B7}
		{01CF417A-7D35-4AF6-B995-E81CD688B435} = {F084B480-1389-4019-A793-9C210BB879B7}
		{FA18F176-8907-4B05-8A15-73BC38682932} = {F084B480-1389-4019-A793-9C210BB879B7}
		{7E2F30F4-49C2-4A8E-B507-58C62620EA38} = {F084B480-1389-4019-A793-9C210BB879B7}
		{F4BBAC07-7F7C-4DED-BF7A-2CDE9EEE6249} = {F084B480-1389-4019-A793-9C210BB879B7}
		{D58CECF0-6824-4422-94F7-7F3A02EA3EEC} = {F084B480-1389-4019-A793-9C210BB879B7}
	EndGlobalSection
	GlobalSection(ExtensibilityGlobals) = postSolution
		SolutionGuid = {EAE46332-3A65-4CC4-B33F-50C8C5A1F3F9}
	EndGlobalSection
EndGlobal
