
Microsoft Visual Studio Solution File, Format Version 12.00
# Visual Studio Express 14 for Windows Desktop
VisualStudioVersion = 14.0.25420.1
MinimumVisualStudioVersion = 10.0.40219.1
Project("{FAE04EC0-301F-11D3-BF4B-00C04F79EFBC}") = "Drawing3d", "Drawing3d.csproj", "{613250AA-2805-4AB3-9692-4880AB9C9EC4}"
EndProject
Global
	GlobalSection(SolutionConfigurationPlatforms) = preSolution
		Debug|Any CPU = Debug|Any CPU
		Release|Any CPU = Release|Any CPU
	EndGlobalSection
	GlobalSection(ProjectConfigurationPlatforms) = postSolution
		{613250AA-2805-4AB3-9692-4880AB9C9EC4}.Debug|Any CPU.ActiveCfg = Debug|Any CPU
		{613250AA-2805-4AB3-9692-4880AB9C9EC4}.Debug|Any CPU.Build.0 = Debug|Any CPU
		{613250AA-2805-4AB3-9692-4880AB9C9EC4}.Release|Any CPU.ActiveCfg = Release|Any CPU
		{613250AA-2805-4AB3-9692-4880AB9C9EC4}.Release|Any CPU.Build.0 = Release|Any CPU
	EndGlobalSection
	GlobalSection(SolutionProperties) = preSolution
		HideSolutionNode = FALSE
	EndGlobalSection
EndGlobal
